
Microsoft Visual Studio Solution File, Format Version 12.00
# Visual Studio Version 16
VisualStudioVersion = 16.0.31229.75
MinimumVisualStudioVersion = 10.0.40219.1
Project("{FAE04EC0-301F-11D3-BF4B-00C04F79EFBC}") = "FunFactor.Server", "FunFactor\Server\FunFactor.Server.csproj", "{EE6130E5-5442-42A2-AAF8-B720E22A0E6D}"
EndProject
Project("{FAE04EC0-301F-11D3-BF4B-00C04F79EFBC}") = "FunFactor.Client", "FunFactor\Client\FunFactor.Client.csproj", "{C38B273F-7F47-42B7-BDAB-3CEC03DE8F2D}"
EndProject
Project("{FAE04EC0-301F-11D3-BF4B-00C04F79EFBC}") = "FunFactor.Shared", "FunFactor\Shared\FunFactor.Shared.csproj", "{CF48A7C8-B3AA-4271-B164-654DAE7779C1}"
EndProject
Global
	GlobalSection(SolutionConfigurationPlatforms) = preSolution
		Debug|Any CPU = Debug|Any CPU
		Release|Any CPU = Release|Any CPU
	EndGlobalSection
	GlobalSection(ProjectConfigurationPlatforms) = postSolution
		{EE6130E5-5442-42A2-AAF8-B720E22A0E6D}.Debug|Any CPU.ActiveCfg = Debug|Any CPU
		{EE6130E5-5442-42A2-AAF8-B720E22A0E6D}.Debug|Any CPU.Build.0 = Debug|Any CPU
		{EE6130E5-5442-42A2-AAF8-B720E22A0E6D}.Release|Any CPU.ActiveCfg = Release|Any CPU
		{EE6130E5-5442-42A2-AAF8-B720E22A0E6D}.Release|Any CPU.Build.0 = Release|Any CPU
		{C38B273F-7F47-42B7-BDAB-3CEC03DE8F2D}.Debug|Any CPU.ActiveCfg = Debug|Any CPU
		{C38B273F-7F47-42B7-BDAB-3CEC03DE8F2D}.Debug|Any CPU.Build.0 = Debug|Any CPU
		{C38B273F-7F47-42B7-BDAB-3CEC03DE8F2D}.Release|Any CPU.ActiveCfg = Release|Any CPU
		{C38B273F-7F47-42B7-BDAB-3CEC03DE8F2D}.Release|Any CPU.Build.0 = Release|Any CPU
		{CF48A7C8-B3AA-4271-B164-654DAE7779C1}.Debug|Any CPU.ActiveCfg = Debug|Any CPU
		{CF48A7C8-B3AA-4271-B164-654DAE7779C1}.Debug|Any CPU.Build.0 = Debug|Any CPU
		{CF48A7C8-B3AA-4271-B164-654DAE7779C1}.Release|Any CPU.ActiveCfg = Release|Any CPU
		{CF48A7C8-B3AA-4271-B164-654DAE7779C1}.Release|Any CPU.Build.0 = Release|Any CPU
	EndGlobalSection
	GlobalSection(SolutionProperties) = preSolution
		HideSolutionNode = FALSE
	EndGlobalSection
	GlobalSection(ExtensibilityGlobals) = postSolution
		SolutionGuid = {D163D5D5-D9BE-498C-8FE9-73C471F4DD3F}
	EndGlobalSection
EndGlobal
